
Microsoft Visual Studio Solution File, Format Version 12.00
# Visual Studio Version 17
VisualStudioVersion = 17.3.32929.385
MinimumVisualStudioVersion = 10.0.40219.1
Project("{9A19103F-16F7-4668-BE54-9A1E7A4F7556}") = "ToDoWebApp.Client", "ToDoWebApp.Client\ToDoWebApp.Client.csproj", "{67F02817-4FBD-4DE9-BD29-825785C17772}"
EndProject
Project("{FAE04EC0-301F-11D3-BF4B-00C04F79EFBC}") = "ToDoWebApp.API", "ToDoWebApp.API\ToDoWebApp.API.csproj", "{DEF2FD43-0659-4452-936C-91F39D4149CD}"
EndProject
Global
	GlobalSection(SolutionConfigurationPlatforms) = preSolution
		Debug|Any CPU = Debug|Any CPU
		Release|Any CPU = Release|Any CPU
	EndGlobalSection
	GlobalSection(ProjectConfigurationPlatforms) = postSolution
		{67F02817-4FBD-4DE9-BD29-825785C17772}.Debug|Any CPU.ActiveCfg = Debug|Any CPU
		{67F02817-4FBD-4DE9-BD29-825785C17772}.Debug|Any CPU.Build.0 = Debug|Any CPU
		{67F02817-4FBD-4DE9-BD29-825785C17772}.Release|Any CPU.ActiveCfg = Release|Any CPU
		{67F02817-4FBD-4DE9-BD29-825785C17772}.Release|Any CPU.Build.0 = Release|Any CPU
		{DEF2FD43-0659-4452-936C-91F39D4149CD}.Debug|Any CPU.ActiveCfg = Debug|Any CPU
		{DEF2FD43-0659-4452-936C-91F39D4149CD}.Debug|Any CPU.Build.0 = Debug|Any CPU
		{DEF2FD43-0659-4452-936C-91F39D4149CD}.Release|Any CPU.ActiveCfg = Release|Any CPU
		{DEF2FD43-0659-4452-936C-91F39D4149CD}.Release|Any CPU.Build.0 = Release|Any CPU
	EndGlobalSection
	GlobalSection(SolutionProperties) = preSolution
		HideSolutionNode = FALSE
	EndGlobalSection
	GlobalSection(ExtensibilityGlobals) = postSolution
		SolutionGuid = {1A23D2DC-FBE0-4119-B174-8B9E0291D8C8}
	EndGlobalSection
EndGlobal
